
Microsoft Visual Studio Solution File, Format Version 12.00
# Visual Studio Version 17
VisualStudioVersion = 17.0.31903.59
MinimumVisualStudioVersion = 10.0.40219.1
Project("{FAE04EC0-301F-11D3-BF4B-00C04F79EFBC}") = "calculator", "calculator\calculator.csproj", "{9D8E514F-7F5C-4B89-AF48-8B75131DAC84}"
EndProject
Project("{FAE04EC0-301F-11D3-BF4B-00C04F79EFBC}") = "calculator.tests", "calculator.tests\calculator.tests.csproj", "{8B717102-0E00-4D4D-BC15-CAEE9AF8768C}"
EndProject
Global
	GlobalSection(SolutionConfigurationPlatforms) = preSolution
		Debug|Any CPU = Debug|Any CPU
		Debug|x64 = Debug|x64
		Debug|x86 = Debug|x86
		Release|Any CPU = Release|Any CPU
		Release|x64 = Release|x64
		Release|x86 = Release|x86
	EndGlobalSection
	GlobalSection(ProjectConfigurationPlatforms) = postSolution
		{9D8E514F-7F5C-4B89-AF48-8B75131DAC84}.Debug|Any CPU.ActiveCfg = Debug|Any CPU
		{9D8E514F-7F5C-4B89-AF48-8B75131DAC84}.Debug|Any CPU.Build.0 = Debug|Any CPU
		{9D8E514F-7F5C-4B89-AF48-8B75131DAC84}.Debug|x64.ActiveCfg = Debug|Any CPU
		{9D8E514F-7F5C-4B89-AF48-8B75131DAC84}.Debug|x64.Build.0 = Debug|Any CPU
		{9D8E514F-7F5C-4B89-AF48-8B75131DAC84}.Debug|x86.ActiveCfg = Debug|Any CPU
		{9D8E514F-7F5C-4B89-AF48-8B75131DAC84}.Debug|x86.Build.0 = Debug|Any CPU
		{9D8E514F-7F5C-4B89-AF48-8B75131DAC84}.Release|Any CPU.ActiveCfg = Release|Any CPU
		{9D8E514F-7F5C-4B89-AF48-8B75131DAC84}.Release|Any CPU.Build.0 = Release|Any CPU
		{9D8E514F-7F5C-4B89-AF48-8B75131DAC84}.Release|x64.ActiveCfg = Release|Any CPU
		{9D8E514F-7F5C-4B89-AF48-8B75131DAC84}.Release|x64.Build.0 = Release|Any CPU
	{9D8E514F-7F5C-4B89-AF48-8B75131DAC84}.Release|x86.ActiveCfg = Release|Any CPU
		{9D8E514F-7F5C-4B89-AF48-8B75131DAC84}.Release|x86.Build.0 = Release|Any CPU
		{8B717102-0E00-4D4D-BC15-CAEE9AF8768C}.Debug|Any CPU.ActiveCfg = Debug|Any CPU
		{8B717102-0E00-4D4D-BC15-CAEE9AF8768C}.Debug|Any CPU.Build.0 = Debug|Any CPU
		{8B717102-0E00-4D4D-BC15-CAEE9AF8768C}.Debug|x64.ActiveCfg = Debug|Any CPU
		{8B717102-0E00-4D4D-BC15-CAEE9AF8768C}.Debug|x64.Build.0 = Debug|Any CPU
		{8B717102-0E00-4D4D-BC15-CAEE9AF8768C}.Debug|x86.ActiveCfg = Debug|Any CPU
		{8B717102-0E00-4D4D-BC15-CAEE9AF8768C}.Debug|x86.Build.0 = Debug|Any CPU
		{8B717102-0E00-4D4D-BC15-CAEE9AF8768C}.Release|Any CPU.ActiveCfg = Release|Any CPU
		{8B717102-0E00-4D4D-BC15-CAEE9AF8768C}.Release|Any CPU.Build.0 = Release|Any CPU
		{8B717102-0E00-4D4D-BC15-CAEE9AF8768C}.Release|x64.ActiveCfg = Release|Any CPU
		{8B717102-0E00-4D4D-BC15-CAEE9AF8768C}.Release|x64.Build.0 = Release|Any CPU
		{8B717102-0E00-4D4D-BC15-CAEE9AF8768C}.Release|x86.ActiveCfg = Release|Any CPU
		{8B717102-0E00-4D4D-BC15-CAEE9AF8768C}.Release|x86.Build.0 = Release|Any CPU
	EndGlobalSection
	GlobalSection(SolutionProperties) = preSolution
		HideSolutionNode = FALSE
	EndGlobalSection
EndGlobal
