
Microsoft Visual Studio Solution File, Format Version 12.00
# Visual Studio Version 17
VisualStudioVersion = 17.10.35122.118
MinimumVisualStudioVersion = 10.0.40219.1
Project("{9A19103F-16F7-4668-BE54-9A1E7A4F7556}") = "Arithmelon", "Arithmelon.csproj", "{0364228D-D04D-496C-ADA1-E0F00D004726}"
EndProject
Project("{9A19103F-16F7-4668-BE54-9A1E7A4F7556}") = "ArithmelonTest", "..\ArithmelonTest\ArithmelonTest.csproj", "{59887CC3-BA7F-4B77-AAFF-B2E1BBAE993D}"
EndProject
Project("{9A19103F-16F7-4668-BE54-9A1E7A4F7556}") = "xUnitArithmelonTests", "xUnitArithmelonTests\xUnitArithmelonTests.csproj", "{5C6E21DC-A429-4948-A246-F6305B82CE1F}"
EndProject
Global
	GlobalSection(SolutionConfigurationPlatforms) = preSolution
		Debug|Any CPU = Debug|Any CPU
		Release|Any CPU = Release|Any CPU
	EndGlobalSection
	GlobalSection(ProjectConfigurationPlatforms) = postSolution
		{0364228D-D04D-496C-ADA1-E0F00D004726}.Debug|Any CPU.ActiveCfg = Debug|Any CPU
		{0364228D-D04D-496C-ADA1-E0F00D004726}.Debug|Any CPU.Build.0 = Debug|Any CPU
		{0364228D-D04D-496C-ADA1-E0F00D004726}.Release|Any CPU.ActiveCfg = Release|Any CPU
		{0364228D-D04D-496C-ADA1-E0F00D004726}.Release|Any CPU.Build.0 = Release|Any CPU
		{59887CC3-BA7F-4B77-AAFF-B2E1BBAE993D}.Debug|Any CPU.ActiveCfg = Debug|Any CPU
		{59887CC3-BA7F-4B77-AAFF-B2E1BBAE993D}.Debug|Any CPU.Build.0 = Debug|Any CPU
		{59887CC3-BA7F-4B77-AAFF-B2E1BBAE993D}.Release|Any CPU.ActiveCfg = Release|Any CPU
		{59887CC3-BA7F-4B77-AAFF-B2E1BBAE993D}.Release|Any CPU.Build.0 = Release|Any CPU
		{5C6E21DC-A429-4948-A246-F6305B82CE1F}.Debug|Any CPU.ActiveCfg = Debug|Any CPU
		{5C6E21DC-A429-4948-A246-F6305B82CE1F}.Debug|Any CPU.Build.0 = Debug|Any CPU
		{5C6E21DC-A429-4948-A246-F6305B82CE1F}.Release|Any CPU.ActiveCfg = Release|Any CPU
		{5C6E21DC-A429-4948-A246-F6305B82CE1F}.Release|Any CPU.Build.0 = Release|Any CPU
	EndGlobalSection
	GlobalSection(SolutionProperties) = preSolution
		HideSolutionNode = FALSE
	EndGlobalSection
	GlobalSection(ExtensibilityGlobals) = postSolution
		SolutionGuid = {CC05BFA5-0BD1-4E2B-8000-8E051E19C7E1}
	EndGlobalSection
EndGlobal
