
Microsoft Visual Studio Solution File, Format Version 12.00
# Visual Studio Version 17
VisualStudioVersion = 17.0.31903.59
MinimumVisualStudioVersion = 10.0.40219.1
Project("{FAE04EC0-301F-11D3-BF4B-00C04F79EFBC}") = "calculator", "calculator\calculator.csproj", "{FA17F0FB-8364-43FF-B6A2-9DB52368C473}"
EndProject
Project("{FAE04EC0-301F-11D3-BF4B-00C04F79EFBC}") = "calculator.tests", "calculator.tests\calculator.tests.csproj", "{3F2E105C-4066-4FE5-9ED6-7E45102C9044}"
EndProject
Global
	GlobalSection(SolutionConfigurationPlatforms) = preSolution
		Debug|Any CPU = Debug|Any CPU
		Debug|x64 = Debug|x64
		Debug|x86 = Debug|x86
		Release|Any CPU = Release|Any CPU
		Release|x64 = Release|x64
		Release|x86 = Release|x86
	EndGlobalSection
	GlobalSection(ProjectConfigurationPlatforms) = postSolution
		{FA17F0FB-8364-43FF-B6A2-9DB52368C473}.Debug|Any CPU.ActiveCfg = Debug|Any CPU
		{FA17F0FB-8364-43FF-B6A2-9DB52368C473}.Debug|Any CPU.Build.0 = Debug|Any CPU
		{FA17F0FB-8364-43FF-B6A2-9DB52368C473}.Debug|x64.ActiveCfg = Debug|Any CPU
		{FA17F0FB-8364-43FF-B6A2-9DB52368C473}.Debug|x64.Build.0 = Debug|Any CPU
		{FA17F0FB-8364-43FF-B6A2-9DB52368C473}.Debug|x86.ActiveCfg = Debug|Any CPU
		{FA17F0FB-8364-43FF-B6A2-9DB52368C473}.Debug|x86.Build.0 = Debug|Any CPU
		{FA17F0FB-8364-43FF-B6A2-9DB52368C473}.Release|Any CPU.ActiveCfg = Release|Any CPU
		{FA17F0FB-8364-43FF-B6A2-9DB52368C473}.Release|Any CPU.Build.0 = Release|Any CPU
		{FA17F0FB-8364-43FF-B6A2-9DB52368C473}.Release|x64.ActiveCfg = Release|Any CPU
		{FA17F0FB-8364-43FF-B6A2-9DB52368C473}.Release|x64.Build.0 = Release|Any CPU
		{FA17F0FB-8364-43FF-B6A2-9DB52368C473}.Release|x86.ActiveCfg = Release|Any CPU
		{FA17F0FB-8364-43FF-B6A2-9DB52368C473}.Release|x86.Build.0 = Release|Any CPU
		{3F2E105C-4066-4FE5-9ED6-7E45102C9044}.Debug|Any CPU.ActiveCfg = Debug|Any CPU
		{3F2E105C-4066-4FE5-9ED6-7E45102C9044}.Debug|Any CPU.Build.0 = Debug|Any CPU
		{3F2E105C-4066-4FE5-9ED6-7E45102C9044}.Debug|x64.ActiveCfg = Debug|Any CPU
		{3F2E105C-4066-4FE5-9ED6-7E45102C9044}.Debug|x64.Build.0 = Debug|Any CPU
		{3F2E105C-4066-4FE5-9ED6-7E45102C9044}.Debug|x86.ActiveCfg = Debug|Any CPU
		{3F2E105C-4066-4FE5-9ED6-7E45102C9044}.Debug|x86.Build.0 = Debug|Any CPU
		{3F2E105C-4066-4FE5-9ED6-7E45102C9044}.Release|Any CPU.ActiveCfg = Release|Any CPU
		{3F2E105C-4066-4FE5-9ED6-7E45102C9044}.Release|Any CPU.Build.0 = Release|Any CPU
		{3F2E105C-4066-4FE5-9ED6-7E45102C9044}.Release|x64.ActiveCfg = Release|Any CPU
		{3F2E105C-4066-4FE5-9ED6-7E45102C9044}.Release|x64.Build.0 = Release|Any CPU
		{3F2E105C-4066-4FE5-9ED6-7E45102C9044}.Release|x86.ActiveCfg = Release|Any CPU
		{3F2E105C-4066-4FE5-9ED6-7E45102C9044}.Release|x86.Build.0 = Release|Any CPU
	EndGlobalSection
	GlobalSection(SolutionProperties) = preSolution
		HideSolutionNode = FALSE
	EndGlobalSection
EndGlobal
