
Microsoft Visual Studio Solution File, Format Version 12.00
# Visual Studio Version 17
VisualStudioVersion = 17.10.35122.118
MinimumVisualStudioVersion = 10.0.40219.1
Project("{9A19103F-16F7-4668-BE54-9A1E7A4F7556}") = "calculator", "calculator.csproj", "{D5E4E1B7-0A9E-4233-BC0F-B04B6B6AED03}"
EndProject
Global
	GlobalSection(SolutionConfigurationPlatforms) = preSolution
		Debug|Any CPU = Debug|Any CPU
		Release|Any CPU = Release|Any CPU
	EndGlobalSection
	GlobalSection(ProjectConfigurationPlatforms) = postSolution
		{D5E4E1B7-0A9E-4233-BC0F-B04B6B6AED03}.Debug|Any CPU.ActiveCfg = Debug|Any CPU
		{D5E4E1B7-0A9E-4233-BC0F-B04B6B6AED03}.Debug|Any CPU.Build.0 = Debug|Any CPU
		{D5E4E1B7-0A9E-4233-BC0F-B04B6B6AED03}.Release|Any CPU.ActiveCfg = Release|Any CPU
		{D5E4E1B7-0A9E-4233-BC0F-B04B6B6AED03}.Release|Any CPU.Build.0 = Release|Any CPU
	EndGlobalSection
	GlobalSection(SolutionProperties) = preSolution
		HideSolutionNode = FALSE
	EndGlobalSection
	GlobalSection(ExtensibilityGlobals) = postSolution
		SolutionGuid = {DCF90B25-52EA-4F08-B57D-540C1A4FE2B7}
	EndGlobalSection
EndGlobal
